// !$*UTF8*$!
{
	archiveVersion = 1;
	classes = {
	};
	objectVersion = 56;
	objects = {

/* Begin PBXBuildFile section */
		45D272D82AF13BEC00CEA627 /* swift_sample1App.swift in Sources */ = {isa = PBXBuildFile; fileRef = 45D272D72AF13BEC00CEA627 /* swift_sample1App.swift */; };
		45D272DA2AF13BEC00CEA627 /* ContentView.swift in Sources */ = {isa = PBXBuildFile; fileRef = 45D272D92AF13BEC00CEA627 /* ContentView.swift */; };
		45D272DC2AF13BEE00CEA627 /* Assets.xcassets in Resources */ = {isa = PBXBuildFile; fileRef = 45D272DB2AF13BEE00CEA627 /* Assets.xcassets */; };
		45D272E02AF13BEE00CEA627 /* Preview Assets.xcassets in Resources */ = {isa = PBXBuildFile; fileRef = 45D272DF2AF13BEE00CEA627 /* Preview Assets.xcassets */; };
		45D272EA2AF13BEE00CEA627 /* swift_sample1Tests.swift in Sources */ = {isa = PBXBuildFile; fileRef = 45D272E92AF13BEE00CEA627 /* swift_sample1Tests.swift */; };
		45D272F42AF13BEE00CEA627 /* swift_sample1UITests.swift in Sources */ = {isa = PBXBuildFile; fileRef = 45D272F32AF13BEE00CEA627 /* swift_sample1UITests.swift */; };
		45D272F62AF13BEE00CEA627 /* swift_sample1UITestsLaunchTests.swift in Sources */ = {isa = PBXBuildFile; fileRef = 45D272F52AF13BEE00CEA627 /* swift_sample1UITestsLaunchTests.swift */; };
/* End PBXBuildFile section */

/* Begin PBXContainerItemProxy section */
		45D272E62AF13BEE00CEA627 /* PBXContainerItemProxy */ = {
			isa = PBXContainerItemProxy;
			containerPortal = 45D272CC2AF13BEC00CEA627 /* Project object */;
			proxyType = 1;
			remoteGlobalIDString = 45D272D32AF13BEC00CEA627;
			remoteInfo = "swift-sample1";
		};
		45D272F02AF13BEE00CEA627 /* PBXContainerItemProxy */ = {
			isa = PBXContainerItemProxy;
			containerPortal = 45D272CC2AF13BEC00CEA627 /* Project object */;
			proxyType = 1;
			remoteGlobalIDString = 45D272D32AF13BEC00CEA627;
			remoteInfo = "swift-sample1";
		};
/* End PBXContainerItemProxy section */

/* Begin PBXFileReference section */
		45D272D42AF13BEC00CEA627 /* swift-sample1.app */ = {isa = PBXFileReference; explicitFileType = wrapper.application; includeInIndex = 0; path = "swift-sample1.app"; sourceTree = BUILT_PRODUCTS_DIR; };
		45D272D72AF13BEC00CEA627 /* swift_sample1App.swift */ = {isa = PBXFileReference; lastKnownFileType = sourcecode.swift; path = swift_sample1App.swift; sourceTree = "<group>"; };
		45D272D92AF13BEC00CEA627 /* ContentView.swift */ = {isa = PBXFileReference; lastKnownFileType = sourcecode.swift; path = ContentView.swift; sourceTree = "<group>"; };
		45D272DB2AF13BEE00CEA627 /* Assets.xcassets */ = {isa = PBXFileReference; lastKnownFileType = folder.assetcatalog; path = Assets.xcassets; sourceTree = "<group>"; };
		45D272DD2AF13BEE00CEA627 /* swift_sample1.entitlements */ = {isa = PBXFileReference; lastKnownFileType = text.plist.entitlements; path = swift_sample1.entitlements; sourceTree = "<group>"; };
		45D272DF2AF13BEE00CEA627 /* Preview Assets.xcassets */ = {isa = PBXFileReference; lastKnownFileType = folder.assetcatalog; path = "Preview Assets.xcassets"; sourceTree = "<group>"; };
		45D272E52AF13BEE00CEA627 /* swift-sample1Tests.xctest */ = {isa = PBXFileReference; explicitFileType = wrapper.cfbundle; includeInIndex = 0; path = "swift-sample1Tests.xctest"; sourceTree = BUILT_PRODUCTS_DIR; };
		45D272E92AF13BEE00CEA627 /* swift_sample1Tests.swift */ = {isa = PBXFileReference; lastKnownFileType = sourcecode.swift; path = swift_sample1Tests.swift; sourceTree = "<group>"; };
		45D272EF2AF13BEE00CEA627 /* swift-sample1UITests.xctest */ = {isa = PBXFileReference; explicitFileType = wrapper.cfbundle; includeInIndex = 0; path = "swift-sample1UITests.xctest"; sourceTree = BUILT_PRODUCTS_DIR; };
		45D272F32AF13BEE00CEA627 /* swift_sample1UITests.swift */ = {isa = PBXFileReference; lastKnownFileType = sourcecode.swift; path = swift_sample1UITests.swift; sourceTree = "<group>"; };
		45D272F52AF13BEE00CEA627 /* swift_sample1UITestsLaunchTests.swift */ = {isa = PBXFileReference; lastKnownFileType = sourcecode.swift; path = swift_sample1UITestsLaunchTests.swift; sourceTree = "<group>"; };
/* End PBXFileReference section */

/* Begin PBXFrameworksBuildPhase section */
		45D272D12AF13BEC00CEA627 /* Frameworks */ = {
			isa = PBXFrameworksBuildPhase;
			buildActionMask = 2147483647;
			files = (
			);
			runOnlyForDeploymentPostprocessing = 0;
		};
		45D272E22AF13BEE00CEA627 /* Frameworks */ = {
			isa = PBXFrameworksBuildPhase;
			buildActionMask = 2147483647;
			files = (
			);
			runOnlyForDeploymentPostprocessing = 0;
		};
		45D272EC2AF13BEE00CEA627 /* Frameworks */ = {
			isa = PBXFrameworksBuildPhase;
			buildActionMask = 2147483647;
			files = (
			);
			runOnlyForDeploymentPostprocessing = 0;
		};
/* End PBXFrameworksBuildPhase section */

/* Begin PBXGroup section */
		45D272CB2AF13BEC00CEA627 = {
			isa = PBXGroup;
			children = (
				45D272D62AF13BEC00CEA627 /* swift-sample1 */,
				45D272E82AF13BEE00CEA627 /* swift-sample1Tests */,
				45D272F22AF13BEE00CEA627 /* swift-sample1UITests */,
				45D272D52AF13BEC00CEA627 /* Products */,
			);
			sourceTree = "<group>";
		};
		45D272D52AF13BEC00CEA627 /* Products */ = {
			isa = PBXGroup;
			children = (
				45D272D42AF13BEC00CEA627 /* swift-sample1.app */,
				45D272E52AF13BEE00CEA627 /* swift-sample1Tests.xctest */,
				45D272EF2AF13BEE00CEA627 /* swift-sample1UITests.xctest */,
			);
			name = Products;
			sourceTree = "<group>";
		};
		45D272D62AF13BEC00CEA627 /* swift-sample1 */ = {
			isa = PBXGroup;
			children = (
				45D272D72AF13BEC00CEA627 /* swift_sample1App.swift */,
				45D272D92AF13BEC00CEA627 /* ContentView.swift */,
				45D272DB2AF13BEE00CEA627 /* Assets.xcassets */,
				45D272DD2AF13BEE00CEA627 /* swift_sample1.entitlements */,
				45D272DE2AF13BEE00CEA627 /* Preview Content */,
			);
			path = "swift-sample1";
			sourceTree = "<group>";
		};
		45D272DE2AF13BEE00CEA627 /* Preview Content */ = {
			isa = PBXGroup;
			children = (
				45D272DF2AF13BEE00CEA627 /* Preview Assets.xcassets */,
			);
			path = "Preview Content";
			sourceTree = "<group>";
		};
		45D272E82AF13BEE00CEA627 /* swift-sample1Tests */ = {
			isa = PBXGroup;
			children = (
				45D272E92AF13BEE00CEA627 /* swift_sample1Tests.swift */,
			);
			path = "swift-sample1Tests";
			sourceTree = "<group>";
		};
		45D272F22AF13BEE00CEA627 /* swift-sample1UITests */ = {
			isa = PBXGroup;
			children = (
				45D272F32AF13BEE00CEA627 /* swift_sample1UITests.swift */,
				45D272F52AF13BEE00CEA627 /* swift_sample1UITestsLaunchTests.swift */,
			);
			path = "swift-sample1UITests";
			sourceTree = "<group>";
		};
/* End PBXGroup section */

/* Begin PBXNativeTarget section */
		45D272D32AF13BEC00CEA627 /* swift-sample1 */ = {
			isa = PBXNativeTarget;
			buildConfigurationList = 45D272F92AF13BEE00CEA627 /* Build configuration list for PBXNativeTarget "swift-sample1" */;
			buildPhases = (
				45D272D02AF13BEC00CEA627 /* Sources */,
				45D272D12AF13BEC00CEA627 /* Frameworks */,
				45D272D22AF13BEC00CEA627 /* Resources */,
			);
			buildRules = (
			);
			dependencies = (
			);
			name = "swift-sample1";
			productName = "swift-sample1";
			productReference = 45D272D42AF13BEC00CEA627 /* swift-sample1.app */;
			productType = "com.apple.product-type.application";
		};
		45D272E42AF13BEE00CEA627 /* swift-sample1Tests */ = {
			isa = PBXNativeTarget;
			buildConfigurationList = 45D272FC2AF13BEE00CEA627 /* Build configuration list for PBXNativeTarget "swift-sample1Tests" */;
			buildPhases = (
				45D272E12AF13BEE00CEA627 /* Sources */,
				45D272E22AF13BEE00CEA627 /* Frameworks */,
				45D272E32AF13BEE00CEA627 /* Resources */,
			);
			buildRules = (
			);
			dependencies = (
				45D272E72AF13BEE00CEA627 /* PBXTargetDependency */,
			);
			name = "swift-sample1Tests";
			productName = "swift-sample1Tests";
			productReference = 45D272E52AF13BEE00CEA627 /* swift-sample1Tests.xctest */;
			productType = "com.apple.product-type.bundle.unit-test";
		};
		45D272EE2AF13BEE00CEA627 /* swift-sample1UITests */ = {
			isa = PBXNativeTarget;
			buildConfigurationList = 45D272FF2AF13BEE00CEA627 /* Build configuration list for PBXNativeTarget "swift-sample1UITests" */;
			buildPhases = (
				45D272EB2AF13BEE00CEA627 /* Sources */,
				45D272EC2AF13BEE00CEA627 /* Frameworks */,
				45D272ED2AF13BEE00CEA627 /* Resources */,
			);
			buildRules = (
			);
			dependencies = (
				45D272F12AF13BEE00CEA627 /* PBXTargetDependency */,
			);
			name = "swift-sample1UITests";
			productName = "swift-sample1UITests";
			productReference = 45D272EF2AF13BEE00CEA627 /* swift-sample1UITests.xctest */;
			productType = "com.apple.product-type.bundle.ui-testing";
		};
/* End PBXNativeTarget section */

/* Begin PBXProject section */
		45D272CC2AF13BEC00CEA627 /* Project object */ = {
			isa = PBXProject;
			attributes = {
				BuildIndependentTargetsInParallel = 1;
				LastSwiftUpdateCheck = 1500;
				LastUpgradeCheck = 1500;
				TargetAttributes = {
					45D272D32AF13BEC00CEA627 = {
						CreatedOnToolsVersion = 15.0.1;
					};
					45D272E42AF13BEE00CEA627 = {
						CreatedOnToolsVersion = 15.0.1;
						TestTargetID = 45D272D32AF13BEC00CEA627;
					};
					45D272EE2AF13BEE00CEA627 = {
						CreatedOnToolsVersion = 15.0.1;
						TestTargetID = 45D272D32AF13BEC00CEA627;
					};
				};
			};
			buildConfigurationList = 45D272CF2AF13BEC00CEA627 /* Build configuration list for PBXProject "swift-sample1" */;
			compatibilityVersion = "Xcode 14.0";
			developmentRegion = en;
			hasScannedForEncodings = 0;
			knownRegions = (
				en,
				Base,
			);
			mainGroup = 45D272CB2AF13BEC00CEA627;
			productRefGroup = 45D272D52AF13BEC00CEA627 /* Products */;
			projectDirPath = "";
			projectRoot = "";
			targets = (
				45D272D32AF13BEC00CEA627 /* swift-sample1 */,
				45D272E42AF13BEE00CEA627 /* swift-sample1Tests */,
				45D272EE2AF13BEE00CEA627 /* swift-sample1UITests */,
			);
		};
/* End PBXProject section */

/* Begin PBXResourcesBuildPhase section */
		45D272D22AF13BEC00CEA627 /* Resources */ = {
			isa = PBXResourcesBuildPhase;
			buildActionMask = 2147483647;
			files = (
				45D272E02AF13BEE00CEA627 /* Preview Assets.xcassets in Resources */,
				45D272DC2AF13BEE00CEA627 /* Assets.xcassets in Resources */,
			);
			runOnlyForDeploymentPostprocessing = 0;
		};
		45D272E32AF13BEE00CEA627 /* Resources */ = {
			isa = PBXResourcesBuildPhase;
			buildActionMask = 2147483647;
			files = (
			);
			runOnlyForDeploymentPostprocessing = 0;
		};
		45D272ED2AF13BEE00CEA627 /* Resources */ = {
			isa = PBXResourcesBuildPhase;
			buildActionMask = 2147483647;
			files = (
			);
			runOnlyForDeploymentPostprocessing = 0;
		};
/* End PBXResourcesBuildPhase section */

/* Begin PBXSourcesBuildPhase section */
		45D272D02AF13BEC00CEA627 /* Sources */ = {
			isa = PBXSourcesBuildPhase;
			buildActionMask = 2147483647;
			files = (
				45D272DA2AF13BEC00CEA627 /* ContentView.swift in Sources */,
				45D272D82AF13BEC00CEA627 /* swift_sample1App.swift in Sources */,
			);
			runOnlyForDeploymentPostprocessing = 0;
		};
		45D272E12AF13BEE00CEA627 /* Sources */ = {
			isa = PBXSourcesBuildPhase;
			buildActionMask = 2147483647;
			files = (
				45D272EA2AF13BEE00CEA627 /* swift_sample1Tests.swift in Sources */,
			);
			runOnlyForDeploymentPostprocessing = 0;
		};
		45D272EB2AF13BEE00CEA627 /* Sources */ = {
			isa = PBXSourcesBuildPhase;
			buildActionMask = 2147483647;
			files = (
				45D272F62AF13BEE00CEA627 /* swift_sample1UITestsLaunchTests.swift in Sources */,
				45D272F42AF13BEE00CEA627 /* swift_sample1UITests.swift in Sources */,
			);
			runOnlyForDeploymentPostprocessing = 0;
		};
/* End PBXSourcesBuildPhase section */

/* Begin PBXTargetDependency section */
		45D272E72AF13BEE00CEA627 /* PBXTargetDependency */ = {
			isa = PBXTargetDependency;
			target = 45D272D32AF13BEC00CEA627 /* swift-sample1 */;
			targetProxy = 45D272E62AF13BEE00CEA627 /* PBXContainerItemProxy */;
		};
		45D272F12AF13BEE00CEA627 /* PBXTargetDependency */ = {
			isa = PBXTargetDependency;
			target = 45D272D32AF13BEC00CEA627 /* swift-sample1 */;
			targetProxy = 45D272F02AF13BEE00CEA627 /* PBXContainerItemProxy */;
		};
/* End PBXTargetDependency section */

/* Begin XCBuildConfiguration section */
		45D272F72AF13BEE00CEA627 /* Debug */ = {
			isa = XCBuildConfiguration;
			buildSettings = {
				ALWAYS_SEARCH_USER_PATHS = NO;
				ASSETCATALOG_COMPILER_GENERATE_SWIFT_ASSET_SYMBOL_EXTENSIONS = YES;
				CLANG_ANALYZER_NONNULL = YES;
				CLANG_ANALYZER_NUMBER_OBJECT_CONVERSION = YES_AGGRESSIVE;
				CLANG_CXX_LANGUAGE_STANDARD = "gnu++20";
				CLANG_ENABLE_MODULES = YES;
				CLANG_ENABLE_OBJC_ARC = YES;
				CLANG_ENABLE_OBJC_WEAK = YES;
				CLANG_WARN_BLOCK_CAPTURE_AUTORELEASING = YES;
				CLANG_WARN_BOOL_CONVERSION = YES;
				CLANG_WARN_COMMA = YES;
				CLANG_WARN_CONSTANT_CONVERSION = YES;
				CLANG_WARN_DEPRECATED_OBJC_IMPLEMENTATIONS = YES;
				CLANG_WARN_DIRECT_OBJC_ISA_USAGE = YES_ERROR;
				CLANG_WARN_DOCUMENTATION_COMMENTS = YES;
				CLANG_WARN_EMPTY_BODY = YES;
				CLANG_WARN_ENUM_CONVERSION = YES;
				CLANG_WARN_INFINITE_RECURSION = YES;
				CLANG_WARN_INT_CONVERSION = YES;
				CLANG_WARN_NON_LITERAL_NULL_CONVERSION = YES;
				CLANG_WARN_OBJC_IMPLICIT_RETAIN_SELF = YES;
				CLANG_WARN_OBJC_LITERAL_CONVERSION = YES;
				CLANG_WARN_OBJC_ROOT_CLASS = YES_ERROR;
				CLANG_WARN_QUOTED_INCLUDE_IN_FRAMEWORK_HEADER = YES;
				CLANG_WARN_RANGE_LOOP_ANALYSIS = YES;
				CLANG_WARN_STRICT_PROTOTYPES = YES;
				CLANG_WARN_SUSPICIOUS_MOVE = YES;
				CLANG_WARN_UNGUARDED_AVAILABILITY = YES_AGGRESSIVE;
				CLANG_WARN_UNREACHABLE_CODE = YES;
				CLANG_WARN__DUPLICATE_METHOD_MATCH = YES;
				COPY_PHASE_STRIP = NO;
				DEBUG_INFORMATION_FORMAT = dwarf;
				ENABLE_STRICT_OBJC_MSGSEND = YES;
				ENABLE_TESTABILITY = YES;
				ENABLE_USER_SCRIPT_SANDBOXING = YES;
				GCC_C_LANGUAGE_STANDARD = gnu17;
				GCC_DYNAMIC_NO_PIC = NO;
				GCC_NO_COMMON_BLOCKS = YES;
				GCC_OPTIMIZATION_LEVEL = 0;
				GCC_PREPROCESSOR_DEFINITIONS = (
					"DEBUG=1",
					"$(inherited)",
				);
				GCC_WARN_64_TO_32_BIT_CONVERSION = YES;
				GCC_WARN_ABOUT_RETURN_TYPE = YES_ERROR;
				GCC_WARN_UNDECLARED_SELECTOR = YES;
				GCC_WARN_UNINITIALIZED_AUTOS = YES_AGGRESSIVE;
				GCC_WARN_UNUSED_FUNCTION = YES;
				GCC_WARN_UNUSED_VARIABLE = YES;
				LOCALIZATION_PREFERS_STRING_CATALOGS = YES;
				MTL_ENABLE_DEBUG_INFO = INCLUDE_SOURCE;
				MTL_FAST_MATH = YES;
				ONLY_ACTIVE_ARCH = YES;
				SWIFT_ACTIVE_COMPILATION_CONDITIONS = "DEBUG $(inherited)";
				SWIFT_OPTIMIZATION_LEVEL = "-Onone";
			};
			name = Debug;
		};
		45D272F82AF13BEE00CEA627 /* Release */ = {
			isa = XCBuildConfiguration;
			buildSettings = {
				ALWAYS_SEARCH_USER_PATHS = NO;
				ASSETCATALOG_COMPILER_GENERATE_SWIFT_ASSET_SYMBOL_EXTENSIONS = YES;
				CLANG_ANALYZER_NONNULL = YES;
				CLANG_ANALYZER_NUMBER_OBJECT_CONVERSION = YES_AGGRESSIVE;
				CLANG_CXX_LANGUAGE_STANDARD = "gnu++20";
				CLANG_ENABLE_MODULES = YES;
				CLANG_ENABLE_OBJC_ARC = YES;
				CLANG_ENABLE_OBJC_WEAK = YES;
				CLANG_WARN_BLOCK_CAPTURE_AUTORELEASING = YES;
				CLANG_WARN_BOOL_CONVERSION = YES;
				CLANG_WARN_COMMA = YES;
				CLANG_WARN_CONSTANT_CONVERSION = YES;
				CLANG_WARN_DEPRECATED_OBJC_IMPLEMENTATIONS = YES;
				CLANG_WARN_DIRECT_OBJC_ISA_USAGE = YES_ERROR;
				CLANG_WARN_DOCUMENTATION_COMMENTS = YES;
				CLANG_WARN_EMPTY_BODY = YES;
				CLANG_WARN_ENUM_CONVERSION = YES;
				CLANG_WARN_INFINITE_RECURSION = YES;
				CLANG_WARN_INT_CONVERSION = YES;
				CLANG_WARN_NON_LITERAL_NULL_CONVERSION = YES;
				CLANG_WARN_OBJC_IMPLICIT_RETAIN_SELF = YES;
				CLANG_WARN_OBJC_LITERAL_CONVERSION = YES;
				CLANG_WARN_OBJC_ROOT_CLASS = YES_ERROR;
				CLANG_WARN_QUOTED_INCLUDE_IN_FRAMEWORK_HEADER = YES;
				CLANG_WARN_RANGE_LOOP_ANALYSIS = YES;
				CLANG_WARN_STRICT_PROTOTYPES = YES;
				CLANG_WARN_SUSPICIOUS_MOVE = YES;
				CLANG_WARN_UNGUARDED_AVAILABILITY = YES_AGGRESSIVE;
				CLANG_WARN_UNREACHABLE_CODE = YES;
				CLANG_WARN__DUPLICATE_METHOD_MATCH = YES;
				COPY_PHASE_STRIP = NO;
				DEBUG_INFORMATION_FORMAT = "dwarf-with-dsym";
				ENABLE_NS_ASSERTIONS = NO;
				ENABLE_STRICT_OBJC_MSGSEND = YES;
				ENABLE_USER_SCRIPT_SANDBOXING = YES;
				GCC_C_LANGUAGE_STANDARD = gnu17;
				GCC_NO_COMMON_BLOCKS = YES;
				GCC_WARN_64_TO_32_BIT_CONVERSION = YES;
				GCC_WARN_ABOUT_RETURN_TYPE = YES_ERROR;
				GCC_WARN_UNDECLARED_SELECTOR = YES;
				GCC_WARN_UNINITIALIZED_AUTOS = YES_AGGRESSIVE;
				GCC_WARN_UNUSED_FUNCTION = YES;
				GCC_WARN_UNUSED_VARIABLE = YES;
				LOCALIZATION_PREFERS_STRING_CATALOGS = YES;
				MTL_ENABLE_DEBUG_INFO = NO;
				MTL_FAST_MATH = YES;
				SWIFT_COMPILATION_MODE = wholemodule;
			};
			name = Release;
		};
		45D272FA2AF13BEE00CEA627 /* Debug */ = {
			isa = XCBuildConfiguration;
			buildSettings = {
				ASSETCATALOG_COMPILER_APPICON_NAME = AppIcon;
				ASSETCATALOG_COMPILER_GLOBAL_ACCENT_COLOR_NAME = AccentColor;
				CODE_SIGN_ENTITLEMENTS = "swift-sample1/swift_sample1.entitlements";
				CODE_SIGN_STYLE = Automatic;
				CURRENT_PROJECT_VERSION = 1;
				DEVELOPMENT_ASSET_PATHS = "\"swift-sample1/Preview Content\"";
				DEVELOPMENT_TEAM = 6CDXVDJMXC;
				ENABLE_HARDENED_RUNTIME = YES;
				ENABLE_PREVIEWS = YES;
				GENERATE_INFOPLIST_FILE = YES;
				"INFOPLIST_KEY_UIApplicationSceneManifest_Generation[sdk=iphoneos*]" = YES;
				"INFOPLIST_KEY_UIApplicationSceneManifest_Generation[sdk=iphonesimulator*]" = YES;
				"INFOPLIST_KEY_UIApplicationSupportsIndirectInputEvents[sdk=iphoneos*]" = YES;
				"INFOPLIST_KEY_UIApplicationSupportsIndirectInputEvents[sdk=iphonesimulator*]" = YES;
				"INFOPLIST_KEY_UILaunchScreen_Generation[sdk=iphoneos*]" = YES;
				"INFOPLIST_KEY_UILaunchScreen_Generation[sdk=iphonesimulator*]" = YES;
				"INFOPLIST_KEY_UIStatusBarStyle[sdk=iphoneos*]" = UIStatusBarStyleDefault;
				"INFOPLIST_KEY_UIStatusBarStyle[sdk=iphonesimulator*]" = UIStatusBarStyleDefault;
				INFOPLIST_KEY_UISupportedInterfaceOrientations_iPad = "UIInterfaceOrientationPortrait UIInterfaceOrientationPortraitUpsideDown UIInterfaceOrientationLandscapeLeft UIInterfaceOrientationLandscapeRight";
				INFOPLIST_KEY_UISupportedInterfaceOrientations_iPhone = "UIInterfaceOrientationPortrait UIInterfaceOrientationLandscapeLeft UIInterfaceOrientationLandscapeRight";
				IPHONEOS_DEPLOYMENT_TARGET = 17.0;
				LD_RUNPATH_SEARCH_PATHS = "@executable_path/Frameworks";
				"LD_RUNPATH_SEARCH_PATHS[sdk=macosx*]" = "@executable_path/../Frameworks";
				MACOSX_DEPLOYMENT_TARGET = 13.5;
				MARKETING_VERSION = 1.0;
				PRODUCT_BUNDLE_IDENTIFIER = "com.nao.swift-sample1";
				PRODUCT_NAME = "$(TARGET_NAME)";
				SDKROOT = auto;
				SUPPORTED_PLATFORMS = "iphoneos iphonesimulator macosx";
				SWIFT_EMIT_LOC_STRINGS = YES;
				SWIFT_VERSION = 5.0;
				TARGETED_DEVICE_FAMILY = "1,2";
			};
			name = Debug;
		};
		45D272FB2AF13BEE00CEA627 /* Release */ = {
			isa = XCBuildConfiguration;
			buildSettings = {
				ASSETCATALOG_COMPILER_APPICON_NAME = AppIcon;
				ASSETCATALOG_COMPILER_GLOBAL_ACCENT_COLOR_NAME = AccentColor;
				CODE_SIGN_ENTITLEMENTS = "swift-sample1/swift_sample1.entitlements";
				CODE_SIGN_STYLE = Automatic;
				CURRENT_PROJECT_VERSION = 1;
				DEVELOPMENT_ASSET_PATHS = "\"swift-sample1/Preview Content\"";
				DEVELOPMENT_TEAM = 6CDXVDJMXC;
				ENABLE_HARDENED_RUNTIME = YES;
				ENABLE_PREVIEWS = YES;
				GENERATE_INFOPLIST_FILE = YES;
				"INFOPLIST_KEY_UIApplicationSceneManifest_Generation[sdk=iphoneos*]" = YES;
				"INFOPLIST_KEY_UIApplicationSceneManifest_Generation[sdk=iphonesimulator*]" = YES;
				"INFOPLIST_KEY_UIApplicationSupportsIndirectInputEvents[sdk=iphoneos*]" = YES;
				"INFOPLIST_KEY_UIApplicationSupportsIndirectInputEvents[sdk=iphonesimulator*]" = YES;
				"INFOPLIST_KEY_UILaunchScreen_Generation[sdk=iphoneos*]" = YES;
				"INFOPLIST_KEY_UILaunchScreen_Generation[sdk=iphonesimulator*]" = YES;
				"INFOPLIST_KEY_UIStatusBarStyle[sdk=iphoneos*]" = UIStatusBarStyleDefault;
				"INFOPLIST_KEY_UIStatusBarStyle[sdk=iphonesimulator*]" = UIStatusBarStyleDefault;
				INFOPLIST_KEY_UISupportedInterfaceOrientations_iPad = "UIInterfaceOrientationPortrait UIInterfaceOrientationPortraitUpsideDown UIInterfaceOrientationLandscapeLeft UIInterfaceOrientationLandscapeRight";
				INFOPLIST_KEY_UISupportedInterfaceOrientations_iPhone = "UIInterfaceOrientationPortrait UIInterfaceOrientationLandscapeLeft UIInterfaceOrientationLandscapeRight";
				IPHONEOS_DEPLOYMENT_TARGET = 17.0;
				LD_RUNPATH_SEARCH_PATHS = "@executable_path/Frameworks";
				"LD_RUNPATH_SEARCH_PATHS[sdk=macosx*]" = "@executable_path/../Frameworks";
				MACOSX_DEPLOYMENT_TARGET = 13.5;
				MARKETING_VERSION = 1.0;
				PRODUCT_BUNDLE_IDENTIFIER = "com.nao.swift-sample1";
				PRODUCT_NAME = "$(TARGET_NAME)";
				SDKROOT = auto;
				SUPPORTED_PLATFORMS = "iphoneos iphonesimulator macosx";
				SWIFT_EMIT_LOC_STRINGS = YES;
				SWIFT_VERSION = 5.0;
				TARGETED_DEVICE_FAMILY = "1,2";
			};
			name = Release;
		};
		45D272FD2AF13BEE00CEA627 /* Debug */ = {
			isa = XCBuildConfiguration;
			buildSettings = {
				ALWAYS_EMBED_SWIFT_STANDARD_LIBRARIES = YES;
				BUNDLE_LOADER = "$(TEST_HOST)";
				CODE_SIGN_STYLE = Automatic;
				CURRENT_PROJECT_VERSION = 1;
				DEVELOPMENT_TEAM = 6CDXVDJMXC;
				GENERATE_INFOPLIST_FILE = YES;
				IPHONEOS_DEPLOYMENT_TARGET = 17.0;
				MACOSX_DEPLOYMENT_TARGET = 13.5;
				MARKETING_VERSION = 1.0;
				PRODUCT_BUNDLE_IDENTIFIER = "com.nao.swift-sample1Tests";
				PRODUCT_NAME = "$(TARGET_NAME)";
				SDKROOT = auto;
				SUPPORTED_PLATFORMS = "iphoneos iphonesimulator macosx";
				SWIFT_EMIT_LOC_STRINGS = NO;
				SWIFT_VERSION = 5.0;
				TARGETED_DEVICE_FAMILY = "1,2";
				TEST_HOST = "$(BUILT_PRODUCTS_DIR)/swift-sample1.app/$(BUNDLE_EXECUTABLE_FOLDER_PATH)/swift-sample1";
			};
			name = Debug;
		};
		45D272FE2AF13BEE00CEA627 /* Release */ = {
			isa = XCBuildConfiguration;
			buildSettings = {
				ALWAYS_EMBED_SWIFT_STANDARD_LIBRARIES = YES;
				BUNDLE_LOADER = "$(TEST_HOST)";
				CODE_SIGN_STYLE = Automatic;
				CURRENT_PROJECT_VERSION = 1;
				DEVELOPMENT_TEAM = 6CDXVDJMXC;
				GENERATE_INFOPLIST_FILE = YES;
				IPHONEOS_DEPLOYMENT_TARGET = 17.0;
				MACOSX_DEPLOYMENT_TARGET = 13.5;
				MARKETING_VERSION = 1.0;
				PRODUCT_BUNDLE_IDENTIFIER = "com.nao.swift-sample1Tests";
				PRODUCT_NAME = "$(TARGET_NAME)";
				SDKROOT = auto;
				SUPPORTED_PLATFORMS = "iphoneos iphonesimulator macosx";
				SWIFT_EMIT_LOC_STRINGS = NO;
				SWIFT_VERSION = 5.0;
				TARGETED_DEVICE_FAMILY = "1,2";
				TEST_HOST = "$(BUILT_PRODUCTS_DIR)/swift-sample1.app/$(BUNDLE_EXECUTABLE_FOLDER_PATH)/swift-sample1";
			};
			name = Release;
		};
		45D273002AF13BEE00CEA627 /* Debug */ = {
			isa = XCBuildConfiguration;
			buildSettings = {
				ALWAYS_EMBED_SWIFT_STANDARD_LIBRARIES = YES;
				CODE_SIGN_STYLE = Automatic;
				CURRENT_PROJECT_VERSION = 1;
				DEVELOPMENT_TEAM = 6CDXVDJMXC;
				GENERATE_INFOPLIST_FILE = YES;
				IPHONEOS_DEPLOYMENT_TARGET = 17.0;
				MACOSX_DEPLOYMENT_TARGET = 13.5;
				MARKETING_VERSION = 1.0;
				PRODUCT_BUNDLE_IDENTIFIER = "com.nao.swift-sample1UITests";
				PRODUCT_NAME = "$(TARGET_NAME)";
				SDKROOT = auto;
				SUPPORTED_PLATFORMS = "iphoneos iphonesimulator macosx";
				SWIFT_EMIT_LOC_STRINGS = NO;
				SWIFT_VERSION = 5.0;
				TARGETED_DEVICE_FAMILY = "1,2";
				TEST_TARGET_NAME = "swift-sample1";
			};
			name = Debug;
		};
		45D273012AF13BEE00CEA627 /* Release */ = {
			isa = XCBuildConfiguration;
			buildSettings = {
				ALWAYS_EMBED_SWIFT_STANDARD_LIBRARIES = YES;
				CODE_SIGN_STYLE = Automatic;
				CURRENT_PROJECT_VERSION = 1;
				DEVELOPMENT_TEAM = 6CDXVDJMXC;
				GENERATE_INFOPLIST_FILE = YES;
				IPHONEOS_DEPLOYMENT_TARGET = 17.0;
				MACOSX_DEPLOYMENT_TARGET = 13.5;
				MARKETING_VERSION = 1.0;
				PRODUCT_BUNDLE_IDENTIFIER = "com.nao.swift-sample1UITests";
				PRODUCT_NAME = "$(TARGET_NAME)";
				SDKROOT = auto;
				SUPPORTED_PLATFORMS = "iphoneos iphonesimulator macosx";
				SWIFT_EMIT_LOC_STRINGS = NO;
				SWIFT_VERSION = 5.0;
				TARGETED_DEVICE_FAMILY = "1,2";
				TEST_TARGET_NAME = "swift-sample1";
			};
			name = Release;
		};
/* End XCBuildConfiguration section */

/* Begin XCConfigurationList section */
		45D272CF2AF13BEC00CEA627 /* Build configuration list for PBXProject "swift-sample1" */ = {
			isa = XCConfigurationList;
			buildConfigurations = (
				45D272F72AF13BEE00CEA627 /* Debug */,
				45D272F82AF13BEE00CEA627 /* Release */,
			);
			defaultConfigurationIsVisible = 0;
			defaultConfigurationName = Release;
		};
		45D272F92AF13BEE00CEA627 /* Build configuration list for PBXNativeTarget "swift-sample1" */ = {
			isa = XCConfigurationList;
			buildConfigurations = (
				45D272FA2AF13BEE00CEA627 /* Debug */,
				45D272FB2AF13BEE00CEA627 /* Release */,
			);
			defaultConfigurationIsVisible = 0;
			defaultConfigurationName = Release;
		};
		45D272FC2AF13BEE00CEA627 /* Build configuration list for PBXNativeTarget "swift-sample1Tests" */ = {
			isa = XCConfigurationList;
			buildConfigurations = (
				45D272FD2AF13BEE00CEA627 /* Debug */,
				45D272FE2AF13BEE00CEA627 /* Release */,
			);
			defaultConfigurationIsVisible = 0;
			defaultConfigurationName = Release;
		};
		45D272FF2AF13BEE00CEA627 /* Build configuration list for PBXNativeTarget "swift-sample1UITests" */ = {
			isa = XCConfigurationList;
			buildConfigurations = (
				45D273002AF13BEE00CEA627 /* Debug */,
				45D273012AF13BEE00CEA627 /* Release */,
			);
			defaultConfigurationIsVisible = 0;
			defaultConfigurationName = Release;
		};
/* End XCConfigurationList section */
	};
	rootObject = 45D272CC2AF13BEC00CEA627 /* Project object */;
}
